lockfileVersion: '9.0'

settings:
  autoInstallPeers: true
  excludeLinksFromLockfile: false

importers:

  .:
    dependencies:
      '@google/generative-ai':
        specifier: ^0.21.0
        version: 0.21.0
      denamed:
        specifier: ^2.0.4
        version: 2.0.4
      dotenv:
        specifier: ^16.4.7
        version: 16.4.7
    devDependencies:
      '@types/node':
        specifier: ^22.10.5
        version: 22.10.5

packages:

  '@google/generative-ai@0.21.0':
    resolution: {integrity: sha512-7XhUbtnlkSEZK15kN3t+tzIMxsbKm/dSkKBFalj+20NvPKe1kBY7mR2P7vuijEn+f06z5+A8bVGKO0v39cr6Wg==}
    engines: {node: '>=18.0.0'}

  '@types/node@22.10.5':
    resolution: {integrity: sha512-F8Q+SeGimwOo86fiovQh8qiXfFEh2/ocYv7tU5pJ3EXMSSxk1Joj5wefpFK2fHTf/N6HKGSxIDBT9f3gCxXPkQ==}

  denamed@2.0.4:
    resolution: {integrity: sha512-ipiQr/KRsL2C1gN9vQZgj7g+empi3L6lUwUs0Gb4RDkINSJp7oJdzIzhwUUm1Z5tTaDmf+GYxBYki+jYH2QeTw==}
    engines: {node: '>=14'}

  dotenv@16.4.7:
    resolution: {integrity: sha512-47qPchRCykZC03FhkYAhrvwU4xDBFIj1QPqaarj6mdM/hgUzfPHcpkHJOn3mJAufFeeAxAzeGsr5X0M4k6fLZQ==}
    engines: {node: '>=12'}

  ipaddr.js@2.0.0:
    resolution: {integrity: sha512-S54H9mIj0rbxRIyrDMEuuER86LdlgUg9FSeZ8duQb6CUG2iRrA36MYVQBSprTF/ZeAwvyQ5mDGuNvIPM0BIl3w==}
    engines: {node: '>= 10'}

  undici-types@6.20.0:
    resolution: {integrity: sha512-Ny6QZ2Nju20vw1SRHe3d9jVu6gJ+4e3+MMpqu7pqE5HT6WsTSlce++GQmK5UXS8mzV8DSYHrQH+Xrf2jVcuKNg==}

snapshots:

  '@google/generative-ai@0.21.0': {}

  '@types/node@22.10.5':
    dependencies:
      undici-types: 6.20.0

  denamed@2.0.4:
    dependencies:
      ipaddr.js: 2.0.0

  dotenv@16.4.7: {}

  ipaddr.js@2.0.0: {}

  undici-types@6.20.0: {}
